
Microsoft Visual Studio Solution File, Format Version 12.00
# Visual Studio Version 17
VisualStudioVersion = 17.0.31903.59
MinimumVisualStudioVersion = 10.0.40219.1
Project("{8BC9CEB8-8B4A-11D0-8D11-00A0C91BC942}") = "Thriving.OpenCV", "Thriving.OpenCV\Thriving.OpenCV.vcxproj", "{43F22F84-FCFB-46B4-9763-350AF374986F}"
EndProject
Project("{9A19103F-16F7-4668-BE54-9A1E7A4F7556}") = "Thriving.OpenCV.Drawing", "Thriving.OpenCV.Drawing\Thriving.OpenCV.Drawing.csproj", "{A02F0A22-61A9-43A8-85E8-81E586FD082F}"
EndProject
Project("{9A19103F-16F7-4668-BE54-9A1E7A4F7556}") = "Thriving.OpenCV.Proxy", "Thriving.OpenCV.Proxy\Thriving.OpenCV.Proxy.csproj", "{00E4BFF2-FD9E-446C-84ED-D0A400473B90}"
EndProject
Project("{8BC9CEB8-8B4A-11D0-8D11-00A0C91BC942}") = "Thriving.OpenCV.Test", "Thriving.OpenCV.Test\Thriving.OpenCV.Test.vcxproj", "{D00ED162-18AA-41C1-AEA3-4D2F632CCFC6}"
EndProject
Project("{FAE04EC0-301F-11D3-BF4B-00C04F79EFBC}") = "Thriving.Proxy.Test", "Thriving.Proxy.Test\Thriving.Proxy.Test.csproj", "{D37FC901-4C6B-48C8-888F-DC784122885A}"
EndProject
Global
	GlobalSection(SolutionConfigurationPlatforms) = preSolution
		Debug|Any CPU = Debug|Any CPU
		Debug|x64 = Debug|x64
		Debug|x86 = Debug|x86
		Release|Any CPU = Release|Any CPU
		Release|x64 = Release|x64
		Release|x86 = Release|x86
	EndGlobalSection
	GlobalSection(ProjectConfigurationPlatforms) = postSolution
		{43F22F84-FCFB-46B4-9763-350AF374986F}.Debug|Any CPU.ActiveCfg = Release|x64
		{43F22F84-FCFB-46B4-9763-350AF374986F}.Debug|Any CPU.Build.0 = Release|x64
		{43F22F84-FCFB-46B4-9763-350AF374986F}.Debug|x64.ActiveCfg = Debug|x64
		{43F22F84-FCFB-46B4-9763-350AF374986F}.Debug|x64.Build.0 = Debug|x64
		{43F22F84-FCFB-46B4-9763-350AF374986F}.Debug|x86.ActiveCfg = Debug|Win32
		{43F22F84-FCFB-46B4-9763-350AF374986F}.Debug|x86.Build.0 = Debug|Win32
		{43F22F84-FCFB-46B4-9763-350AF374986F}.Release|Any CPU.ActiveCfg = Release|x64
		{43F22F84-FCFB-46B4-9763-350AF374986F}.Release|Any CPU.Build.0 = Release|x64
		{43F22F84-FCFB-46B4-9763-350AF374986F}.Release|x64.ActiveCfg = Release|x64
		{43F22F84-FCFB-46B4-9763-350AF374986F}.Release|x64.Build.0 = Release|x64
		{43F22F84-FCFB-46B4-9763-350AF374986F}.Release|x86.ActiveCfg = Release|Win32
		{43F22F84-FCFB-46B4-9763-350AF374986F}.Release|x86.Build.0 = Release|Win32
		{A02F0A22-61A9-43A8-85E8-81E586FD082F}.Debug|Any CPU.ActiveCfg = Debug|Any CPU
		{A02F0A22-61A9-43A8-85E8-81E586FD082F}.Debug|Any CPU.Build.0 = Debug|Any CPU
		{A02F0A22-61A9-43A8-85E8-81E586FD082F}.Debug|x64.ActiveCfg = Debug|Any CPU
		{A02F0A22-61A9-43A8-85E8-81E586FD082F}.Debug|x64.Build.0 = Debug|Any CPU
		{A02F0A22-61A9-43A8-85E8-81E586FD082F}.Debug|x86.ActiveCfg = Debug|Any CPU
		{A02F0A22-61A9-43A8-85E8-81E586FD082F}.Debug|x86.Build.0 = Debug|Any CPU
		{A02F0A22-61A9-43A8-85E8-81E586FD082F}.Release|Any CPU.ActiveCfg = Release|Any CPU
		{A02F0A22-61A9-43A8-85E8-81E586FD082F}.Release|Any CPU.Build.0 = Release|Any CPU
		{A02F0A22-61A9-43A8-85E8-81E586FD082F}.Release|x64.ActiveCfg = Release|Any CPU
		{A02F0A22-61A9-43A8-85E8-81E586FD082F}.Release|x64.Build.0 = Release|Any CPU
		{A02F0A22-61A9-43A8-85E8-81E586FD082F}.Release|x86.ActiveCfg = Release|Any CPU
		{A02F0A22-61A9-43A8-85E8-81E586FD082F}.Release|x86.Build.0 = Release|Any CPU
		{00E4BFF2-FD9E-446C-84ED-D0A400473B90}.Debug|Any CPU.ActiveCfg = Debug|Any CPU
		{00E4BFF2-FD9E-446C-84ED-D0A400473B90}.Debug|Any CPU.Build.0 = Debug|Any CPU
		{00E4BFF2-FD9E-446C-84ED-D0A400473B90}.Debug|x64.ActiveCfg = Debug|Any CPU
		{00E4BFF2-FD9E-446C-84ED-D0A400473B90}.Debug|x64.Build.0 = Debug|Any CPU
		{00E4BFF2-FD9E-446C-84ED-D0A400473B90}.Debug|x86.ActiveCfg = Debug|Any CPU
		{00E4BFF2-FD9E-446C-84ED-D0A400473B90}.Debug|x86.Build.0 = Debug|Any CPU
		{00E4BFF2-FD9E-446C-84ED-D0A400473B90}.Release|Any CPU.ActiveCfg = Release|Any CPU
		{00E4BFF2-FD9E-446C-84ED-D0A400473B90}.Release|Any CPU.Build.0 = Release|Any CPU
		{00E4BFF2-FD9E-446C-84ED-D0A400473B90}.Release|x64.ActiveCfg = Release|Any CPU
		{00E4BFF2-FD9E-446C-84ED-D0A400473B90}.Release|x64.Build.0 = Release|Any CPU
		{00E4BFF2-FD9E-446C-84ED-D0A400473B90}.Release|x86.ActiveCfg = Release|Any CPU
		{00E4BFF2-FD9E-446C-84ED-D0A400473B90}.Release|x86.Build.0 = Release|Any CPU
		{D00ED162-18AA-41C1-AEA3-4D2F632CCFC6}.Debug|Any CPU.ActiveCfg = Debug|x64
		{D00ED162-18AA-41C1-AEA3-4D2F632CCFC6}.Debug|Any CPU.Build.0 = Debug|x64
		{D00ED162-18AA-41C1-AEA3-4D2F632CCFC6}.Debug|x64.ActiveCfg = Debug|x64
		{D00ED162-18AA-41C1-AEA3-4D2F632CCFC6}.Debug|x64.Build.0 = Debug|x64
		{D00ED162-18AA-41C1-AEA3-4D2F632CCFC6}.Debug|x86.ActiveCfg = Debug|Win32
		{D00ED162-18AA-41C1-AEA3-4D2F632CCFC6}.Debug|x86.Build.0 = Debug|Win32
		{D00ED162-18AA-41C1-AEA3-4D2F632CCFC6}.Release|Any CPU.ActiveCfg = Release|x64
		{D00ED162-18AA-41C1-AEA3-4D2F632CCFC6}.Release|Any CPU.Build.0 = Release|x64
		{D00ED162-18AA-41C1-AEA3-4D2F632CCFC6}.Release|x64.ActiveCfg = Release|x64
		{D00ED162-18AA-41C1-AEA3-4D2F632CCFC6}.Release|x64.Build.0 = Release|x64
		{D00ED162-18AA-41C1-AEA3-4D2F632CCFC6}.Release|x86.ActiveCfg = Release|Win32
		{D00ED162-18AA-41C1-AEA3-4D2F632CCFC6}.Release|x86.Build.0 = Release|Win32
		{D37FC901-4C6B-48C8-888F-DC784122885A}.Debug|Any CPU.ActiveCfg = Debug|Any CPU
		{D37FC901-4C6B-48C8-888F-DC784122885A}.Debug|Any CPU.Build.0 = Debug|Any CPU
		{D37FC901-4C6B-48C8-888F-DC784122885A}.Debug|x64.ActiveCfg = Debug|Any CPU
		{D37FC901-4C6B-48C8-888F-DC784122885A}.Debug|x64.Build.0 = Debug|Any CPU
		{D37FC901-4C6B-48C8-888F-DC784122885A}.Debug|x86.ActiveCfg = Debug|Any CPU
		{D37FC901-4C6B-48C8-888F-DC784122885A}.Debug|x86.Build.0 = Debug|Any CPU
		{D37FC901-4C6B-48C8-888F-DC784122885A}.Release|Any CPU.ActiveCfg = Release|Any CPU
		{D37FC901-4C6B-48C8-888F-DC784122885A}.Release|Any CPU.Build.0 = Release|Any CPU
		{D37FC901-4C6B-48C8-888F-DC784122885A}.Release|x64.ActiveCfg = Release|Any CPU
		{D37FC901-4C6B-48C8-888F-DC784122885A}.Release|x64.Build.0 = Release|Any CPU
		{D37FC901-4C6B-48C8-888F-DC784122885A}.Release|x86.ActiveCfg = Release|Any CPU
		{D37FC901-4C6B-48C8-888F-DC784122885A}.Release|x86.Build.0 = Release|Any CPU
	EndGlobalSection
	GlobalSection(SolutionProperties) = preSolution
		HideSolutionNode = FALSE
	EndGlobalSection
	GlobalSection(ExtensibilityGlobals) = postSolution
		SolutionGuid = {4CCF44D8-E9BE-4124-8D25-6901A8C0CBC1}
	EndGlobalSection
EndGlobal
